
Microsoft Visual Studio Solution File, Format Version 12.00
# Visual Studio Version 17
VisualStudioVersion = 17.11.35327.3
MinimumVisualStudioVersion = 10.0.40219.1
Project("{8BC9CEB8-8B4A-11D0-8D11-00A0C91BC942}") = "ex1_Liorr", "ex1_Liorr.vcxproj", "{BF80FDE6-8035-4336-A60E-2AE48D2DCF32}"
EndProject
Global
	GlobalSection(SolutionConfigurationPlatforms) = preSolution
		Debug|x64 = Debug|x64
		Debug|x86 = Debug|x86
		Release|x64 = Release|x64
		Release|x86 = Release|x86
	EndGlobalSection
	GlobalSection(ProjectConfigurationPlatforms) = postSolution
		{BF80FDE6-8035-4336-A60E-2AE48D2DCF32}.Debug|x64.ActiveCfg = Debug|x64
		{BF80FDE6-8035-4336-A60E-2AE48D2DCF32}.Debug|x64.Build.0 = Debug|x64
		{BF80FDE6-8035-4336-A60E-2AE48D2DCF32}.Debug|x86.ActiveCfg = Debug|Win32
		{BF80FDE6-8035-4336-A60E-2AE48D2DCF32}.Debug|x86.Build.0 = Debug|Win32
		{BF80FDE6-8035-4336-A60E-2AE48D2DCF32}.Release|x64.ActiveCfg = Release|x64
		{BF80FDE6-8035-4336-A60E-2AE48D2DCF32}.Release|x64.Build.0 = Release|x64
		{BF80FDE6-8035-4336-A60E-2AE48D2DCF32}.Release|x86.ActiveCfg = Release|Win32
		{BF80FDE6-8035-4336-A60E-2AE48D2DCF32}.Release|x86.Build.0 = Release|Win32
	EndGlobalSection
	GlobalSection(SolutionProperties) = preSolution
		HideSolutionNode = FALSE
	EndGlobalSection
	GlobalSection(ExtensibilityGlobals) = postSolution
		SolutionGuid = {D8D10691-5DF3-4230-A6BC-57866BB4FF05}
	EndGlobalSection
EndGlobal
